
Microsoft Visual Studio Solution File, Format Version 12.00
# Visual Studio Version 16
VisualStudioVersion = 16.0.31727.386
MinimumVisualStudioVersion = 10.0.40219.1
Project("{FAE04EC0-301F-11D3-BF4B-00C04F79EFBC}") = "ListakezeloForm", "ListakezeloForm\ListakezeloForm.csproj", "{B397DF72-71FA-45E9-A0EC-D92DBB73E465}"
EndProject
Global
	GlobalSection(SolutionConfigurationPlatforms) = preSolution
		Debug|Any CPU = Debug|Any CPU
		Release|Any CPU = Release|Any CPU
	EndGlobalSection
	GlobalSection(ProjectConfigurationPlatforms) = postSolution
		{B397DF72-71FA-45E9-A0EC-D92DBB73E465}.Debug|Any CPU.ActiveCfg = Debug|Any CPU
		{B397DF72-71FA-45E9-A0EC-D92DBB73E465}.Debug|Any CPU.Build.0 = Debug|Any CPU
		{B397DF72-71FA-45E9-A0EC-D92DBB73E465}.Release|Any CPU.ActiveCfg = Release|Any CPU
		{B397DF72-71FA-45E9-A0EC-D92DBB73E465}.Release|Any CPU.Build.0 = Release|Any CPU
	EndGlobalSection
	GlobalSection(SolutionProperties) = preSolution
		HideSolutionNode = FALSE
	EndGlobalSection
	GlobalSection(ExtensibilityGlobals) = postSolution
		SolutionGuid = {17BF368A-3396-4F8F-8066-1607E0EC106F}
	EndGlobalSection
EndGlobal
